
Microsoft Visual Studio Solution File, Format Version 12.00
# Visual Studio Version 17
VisualStudioVersion = 17.6.33723.286
MinimumVisualStudioVersion = 10.0.40219.1
Project("{FAE04EC0-301F-11D3-BF4B-00C04F79EFBC}") = "RGPopup.Maui", "RGPopup.Maui\RGPopup.Maui.csproj", "{F4A201F4-3F68-4135-A4BE-F948C079EA59}"
EndProject
Project("{FAE04EC0-301F-11D3-BF4B-00C04F79EFBC}") = "RGPopup.Samples", "RGPopup.Samples\RGPopup.Samples.Droid.csproj", "{907874F3-8830-4BF4-9AD6-02F296417335}"
EndProject
Global
	GlobalSection(SolutionConfigurationPlatforms) = preSolution
		Debug|Any CPU = Debug|Any CPU
		Debug|x86_64 = Debug|x86_64
		Release|Any CPU = Release|Any CPU
	EndGlobalSection
	GlobalSection(ProjectConfigurationPlatforms) = postSolution
		{F4A201F4-3F68-4135-A4BE-F948C079EA59}.Debug|Any CPU.ActiveCfg = Debug|Any CPU
		{F4A201F4-3F68-4135-A4BE-F948C079EA59}.Debug|Any CPU.Build.0 = Debug|Any CPU
		{F4A201F4-3F68-4135-A4BE-F948C079EA59}.Release|Any CPU.ActiveCfg = Release|Any CPU
		{F4A201F4-3F68-4135-A4BE-F948C079EA59}.Release|Any CPU.Build.0 = Release|Any CPU
		{F4A201F4-3F68-4135-A4BE-F948C079EA59}.Debug|x86_64.ActiveCfg = Debug|x86_64
		{F4A201F4-3F68-4135-A4BE-F948C079EA59}.Debug|x86_64.Build.0 = Debug|x86_64
		{907874F3-8830-4BF4-9AD6-02F296417335}.Debug|Any CPU.ActiveCfg = Debug|Any CPU
		{907874F3-8830-4BF4-9AD6-02F296417335}.Debug|Any CPU.Build.0 = Debug|Any CPU
		{907874F3-8830-4BF4-9AD6-02F296417335}.Debug|Any CPU.Deploy.0 = Debug|Any CPU
		{907874F3-8830-4BF4-9AD6-02F296417335}.Release|Any CPU.ActiveCfg = Release|Any CPU
		{907874F3-8830-4BF4-9AD6-02F296417335}.Release|Any CPU.Build.0 = Release|Any CPU
		{907874F3-8830-4BF4-9AD6-02F296417335}.Release|Any CPU.Deploy.0 = Release|Any CPU
		{907874F3-8830-4BF4-9AD6-02F296417335}.Debug|x86_64.ActiveCfg = Debug|x86_64
		{907874F3-8830-4BF4-9AD6-02F296417335}.Debug|x86_64.Build.0 = Debug|x86_64
	EndGlobalSection
	GlobalSection(SolutionProperties) = preSolution
		HideSolutionNode = FALSE
	EndGlobalSection
	GlobalSection(ExtensibilityGlobals) = postSolution
		SolutionGuid = {062FC104-C2F1-40FF-9F31-9A530841920C}
	EndGlobalSection
EndGlobal
